
Microsoft Visual Studio Solution File, Format Version 12.00
# Visual Studio Version 16
VisualStudioVersion = 16.0.32106.194
MinimumVisualStudioVersion = 10.0.40219.1
Project("{9A19103F-16F7-4668-BE54-9A1E7A4F7556}") = "Product.APIBusiness.API", "Product.APIBusiness\Product.APIBusiness.API\Product.APIBusiness.API.csproj", "{3E9C5060-8A75-4963-897B-496525EF3F79}"
EndProject
Project("{9A19103F-16F7-4668-BE54-9A1E7A4F7556}") = "Product.APIBusiness.DBContext", "Product.APIBusiness\Product.APIBusiness.DBContext\Product.APIBusiness.DBContext.csproj", "{3CB7210E-C87D-4222-8EFD-8D81C780DDAF}"
EndProject
Project("{9A19103F-16F7-4668-BE54-9A1E7A4F7556}") = "Product.APIBusiness.DBEntity", "Product.APIBusiness\Product.APIBusiness.DBEntity\Product.APIBusiness.DBEntity.csproj", "{2C573E2D-FC8A-4559-A82B-2B593041C4A7}"
EndProject
Global
	GlobalSection(SolutionConfigurationPlatforms) = preSolution
		Debug|Any CPU = Debug|Any CPU
		Release|Any CPU = Release|Any CPU
	EndGlobalSection
	GlobalSection(ProjectConfigurationPlatforms) = postSolution
		{3E9C5060-8A75-4963-897B-496525EF3F79}.Debug|Any CPU.ActiveCfg = Debug|Any CPU
		{3E9C5060-8A75-4963-897B-496525EF3F79}.Debug|Any CPU.Build.0 = Debug|Any CPU
		{3E9C5060-8A75-4963-897B-496525EF3F79}.Release|Any CPU.ActiveCfg = Release|Any CPU
		{3E9C5060-8A75-4963-897B-496525EF3F79}.Release|Any CPU.Build.0 = Release|Any CPU
		{3CB7210E-C87D-4222-8EFD-8D81C780DDAF}.Debug|Any CPU.ActiveCfg = Debug|Any CPU
		{3CB7210E-C87D-4222-8EFD-8D81C780DDAF}.Debug|Any CPU.Build.0 = Debug|Any CPU
		{3CB7210E-C87D-4222-8EFD-8D81C780DDAF}.Release|Any CPU.ActiveCfg = Release|Any CPU
		{3CB7210E-C87D-4222-8EFD-8D81C780DDAF}.Release|Any CPU.Build.0 = Release|Any CPU
		{2C573E2D-FC8A-4559-A82B-2B593041C4A7}.Debug|Any CPU.ActiveCfg = Debug|Any CPU
		{2C573E2D-FC8A-4559-A82B-2B593041C4A7}.Debug|Any CPU.Build.0 = Debug|Any CPU
		{2C573E2D-FC8A-4559-A82B-2B593041C4A7}.Release|Any CPU.ActiveCfg = Release|Any CPU
		{2C573E2D-FC8A-4559-A82B-2B593041C4A7}.Release|Any CPU.Build.0 = Release|Any CPU
	EndGlobalSection
	GlobalSection(SolutionProperties) = preSolution
		HideSolutionNode = FALSE
	EndGlobalSection
	GlobalSection(ExtensibilityGlobals) = postSolution
		SolutionGuid = {1AC56CB6-3BB8-4C68-9CC6-38B04B1E63F1}
	EndGlobalSection
EndGlobal
